
Microsoft Visual Studio Solution File, Format Version 12.00
# Visual Studio Version 17
VisualStudioVersion = 17.0.31903.59
MinimumVisualStudioVersion = 10.0.40219.1
Project("{FAE04EC0-301F-11D3-BF4B-00C04F79EFBC}") = "Hackathon.AnalisarEAprovarProposta.Api", "Hackathon.AnalisarEAprovarProposta.Api\Hackathon.AnalisarEAprovarProposta.Api.csproj", "{CA41A32F-5CD7-41E2-A6AE-F45B76BC59A0}"
EndProject
Project("{FAE04EC0-301F-11D3-BF4B-00C04F79EFBC}") = "Hackathon.AnalisarEAprovarProposta.Application", "Hackathon.AnalisarEAprovarProposta.Application\Hackathon.AnalisarEAprovarProposta.Application.csproj", "{0E68800E-03E2-479F-86A2-E10A05755FE3}"
EndProject
Project("{FAE04EC0-301F-11D3-BF4B-00C04F79EFBC}") = "Hackathon.AnalisarEAprovarProposta.Domain", "Hackathon.AnalisarEAprovarProposta.Domain\Hackathon.AnalisarEAprovarProposta.Domain.csproj", "{74F850DA-B9ED-41F7-A5AE-04335D383CEA}"
EndProject
Project("{FAE04EC0-301F-11D3-BF4B-00C04F79EFBC}") = "Hackathon.AnalisarEAprovarProposta.Infrastructure", "Hackathon.AnalisarEAprovarProposta.Infrastructure\Hackathon.AnalisarEAprovarProposta.Infrastructure.csproj", "{BED1A5CD-F2A9-44C0-A7ED-CBDCAC5C1ABA}"
EndProject
Global
	GlobalSection(SolutionConfigurationPlatforms) = preSolution
		Debug|Any CPU = Debug|Any CPU
		Debug|x64 = Debug|x64
		Debug|x86 = Debug|x86
		Release|Any CPU = Release|Any CPU
		Release|x64 = Release|x64
		Release|x86 = Release|x86
	EndGlobalSection
	GlobalSection(ProjectConfigurationPlatforms) = postSolution
		{CA41A32F-5CD7-41E2-A6AE-F45B76BC59A0}.Debug|Any CPU.ActiveCfg = Debug|Any CPU
		{CA41A32F-5CD7-41E2-A6AE-F45B76BC59A0}.Debug|Any CPU.Build.0 = Debug|Any CPU
		{CA41A32F-5CD7-41E2-A6AE-F45B76BC59A0}.Debug|x64.ActiveCfg = Debug|Any CPU
		{CA41A32F-5CD7-41E2-A6AE-F45B76BC59A0}.Debug|x64.Build.0 = Debug|Any CPU
		{CA41A32F-5CD7-41E2-A6AE-F45B76BC59A0}.Debug|x86.ActiveCfg = Debug|Any CPU
		{CA41A32F-5CD7-41E2-A6AE-F45B76BC59A0}.Debug|x86.Build.0 = Debug|Any CPU
		{CA41A32F-5CD7-41E2-A6AE-F45B76BC59A0}.Release|Any CPU.ActiveCfg = Release|Any CPU
		{CA41A32F-5CD7-41E2-A6AE-F45B76BC59A0}.Release|Any CPU.Build.0 = Release|Any CPU
		{CA41A32F-5CD7-41E2-A6AE-F45B76BC59A0}.Release|x64.ActiveCfg = Release|Any CPU
		{CA41A32F-5CD7-41E2-A6AE-F45B76BC59A0}.Release|x64.Build.0 = Release|Any CPU
		{CA41A32F-5CD7-41E2-A6AE-F45B76BC59A0}.Release|x86.ActiveCfg = Release|Any CPU
		{CA41A32F-5CD7-41E2-A6AE-F45B76BC59A0}.Release|x86.Build.0 = Release|Any CPU
		{0E68800E-03E2-479F-86A2-E10A05755FE3}.Debug|Any CPU.ActiveCfg = Debug|Any CPU
		{0E68800E-03E2-479F-86A2-E10A05755FE3}.Debug|Any CPU.Build.0 = Debug|Any CPU
		{0E68800E-03E2-479F-86A2-E10A05755FE3}.Debug|x64.ActiveCfg = Debug|Any CPU
		{0E68800E-03E2-479F-86A2-E10A05755FE3}.Debug|x64.Build.0 = Debug|Any CPU
		{0E68800E-03E2-479F-86A2-E10A05755FE3}.Debug|x86.ActiveCfg = Debug|Any CPU
		{0E68800E-03E2-479F-86A2-E10A05755FE3}.Debug|x86.Build.0 = Debug|Any CPU
		{0E68800E-03E2-479F-86A2-E10A05755FE3}.Release|Any CPU.ActiveCfg = Release|Any CPU
		{0E68800E-03E2-479F-86A2-E10A05755FE3}.Release|Any CPU.Build.0 = Release|Any CPU
		{0E68800E-03E2-479F-86A2-E10A05755FE3}.Release|x64.ActiveCfg = Release|Any CPU
		{0E68800E-03E2-479F-86A2-E10A05755FE3}.Release|x64.Build.0 = Release|Any CPU
		{0E68800E-03E2-479F-86A2-E10A05755FE3}.Release|x86.ActiveCfg = Release|Any CPU
		{0E68800E-03E2-479F-86A2-E10A05755FE3}.Release|x86.Build.0 = Release|Any CPU
		{74F850DA-B9ED-41F7-A5AE-04335D383CEA}.Debug|Any CPU.ActiveCfg = Debug|Any CPU
		{74F850DA-B9ED-41F7-A5AE-04335D383CEA}.Debug|Any CPU.Build.0 = Debug|Any CPU
		{74F850DA-B9ED-41F7-A5AE-04335D383CEA}.Debug|x64.ActiveCfg = Debug|Any CPU
		{74F850DA-B9ED-41F7-A5AE-04335D383CEA}.Debug|x64.Build.0 = Debug|Any CPU
		{74F850DA-B9ED-41F7-A5AE-04335D383CEA}.Debug|x86.ActiveCfg = Debug|Any CPU
		{74F850DA-B9ED-41F7-A5AE-04335D383CEA}.Debug|x86.Build.0 = Debug|Any CPU
		{74F850DA-B9ED-41F7-A5AE-04335D383CEA}.Release|Any CPU.ActiveCfg = Release|Any CPU
		{74F850DA-B9ED-41F7-A5AE-04335D383CEA}.Release|Any CPU.Build.0 = Release|Any CPU
		{74F850DA-B9ED-41F7-A5AE-04335D383CEA}.Release|x64.ActiveCfg = Release|Any CPU
		{74F850DA-B9ED-41F7-A5AE-04335D383CEA}.Release|x64.Build.0 = Release|Any CPU
		{74F850DA-B9ED-41F7-A5AE-04335D383CEA}.Release|x86.ActiveCfg = Release|Any CPU
		{74F850DA-B9ED-41F7-A5AE-04335D383CEA}.Release|x86.Build.0 = Release|Any CPU
		{BED1A5CD-F2A9-44C0-A7ED-CBDCAC5C1ABA}.Debug|Any CPU.ActiveCfg = Debug|Any CPU
		{BED1A5CD-F2A9-44C0-A7ED-CBDCAC5C1ABA}.Debug|Any CPU.Build.0 = Debug|Any CPU
		{BED1A5CD-F2A9-44C0-A7ED-CBDCAC5C1ABA}.Debug|x64.ActiveCfg = Debug|Any CPU
		{BED1A5CD-F2A9-44C0-A7ED-CBDCAC5C1ABA}.Debug|x64.Build.0 = Debug|Any CPU
		{BED1A5CD-F2A9-44C0-A7ED-CBDCAC5C1ABA}.Debug|x86.ActiveCfg = Debug|Any CPU
		{BED1A5CD-F2A9-44C0-A7ED-CBDCAC5C1ABA}.Debug|x86.Build.0 = Debug|Any CPU
		{BED1A5CD-F2A9-44C0-A7ED-CBDCAC5C1ABA}.Release|Any CPU.ActiveCfg = Release|Any CPU
		{BED1A5CD-F2A9-44C0-A7ED-CBDCAC5C1ABA}.Release|Any CPU.Build.0 = Release|Any CPU
		{BED1A5CD-F2A9-44C0-A7ED-CBDCAC5C1ABA}.Release|x64.ActiveCfg = Release|Any CPU
		{BED1A5CD-F2A9-44C0-A7ED-CBDCAC5C1ABA}.Release|x64.Build.0 = Release|Any CPU
		{BED1A5CD-F2A9-44C0-A7ED-CBDCAC5C1ABA}.Release|x86.ActiveCfg = Release|Any CPU
		{BED1A5CD-F2A9-44C0-A7ED-CBDCAC5C1ABA}.Release|x86.Build.0 = Release|Any CPU
	EndGlobalSection
	GlobalSection(SolutionProperties) = preSolution
		HideSolutionNode = FALSE
	EndGlobalSection
EndGlobal
