
Microsoft Visual Studio Solution File, Format Version 12.00
# Visual Studio Version 17
VisualStudioVersion = 17.14.36518.9
MinimumVisualStudioVersion = 10.0.40219.1
Project("{FAE04EC0-301F-11D3-BF4B-00C04F79EFBC}") = "Hackathon.AnalisarEAprovarProposta.Api", "Hackathon.AnalisarEAprovarProposta.Api\Hackathon.AnalisarEAprovarProposta.Api.csproj", "{8558E21A-9346-4C58-8D0A-4F5D1B45B86A}"
EndProject
Project("{FAE04EC0-301F-11D3-BF4B-00C04F79EFBC}") = "Hackathon.AnalisarEAprovarProposta.Application", "Hackathon.AnalisarEAprovarProposta.Application\Hackathon.AnalisarEAprovarProposta.Application.csproj", "{F5E81D52-D8CE-49BC-AC18-C4444CB13667}"
EndProject
Project("{FAE04EC0-301F-11D3-BF4B-00C04F79EFBC}") = "Hackathon.AnalisarEAprovarProposta.Domain", "Hackathon.AnalisarEAprovarProposta.Domain\Hackathon.AnalisarEAprovarProposta.Domain.csproj", "{F8D86C55-A534-45F4-97CE-23A406093247}"
EndProject
Project("{FAE04EC0-301F-11D3-BF4B-00C04F79EFBC}") = "Hackathon.AnalisarEAprovarProposta.infrastructure", "Hackathon.AnalisarEAprovarProposta.infrastructure\Hackathon.AnalisarEAprovarProposta.infrastructure.csproj", "{6C21B28C-CB8F-4E4F-80F3-E1F9D8C049D7}"
EndProject
Project("{FAE04EC0-301F-11D3-BF4B-00C04F79EFBC}") = "Hackathon.AnalisarEAprovarProposta.Application.Test", "Hackathon.AnalisarEAprovarProposta.Application.Test\Hackathon.AnalisarEAprovarProposta.Application.Test.csproj", "{18FCF406-206C-47B9-8A1A-B4A314E3E556}"
EndProject
Global
	GlobalSection(SolutionConfigurationPlatforms) = preSolution
		Debug|Any CPU = Debug|Any CPU
		Debug|x64 = Debug|x64
		Debug|x86 = Debug|x86
		Release|Any CPU = Release|Any CPU
		Release|x64 = Release|x64
		Release|x86 = Release|x86
	EndGlobalSection
	GlobalSection(ProjectConfigurationPlatforms) = postSolution
		{8558E21A-9346-4C58-8D0A-4F5D1B45B86A}.Debug|Any CPU.ActiveCfg = Debug|Any CPU
		{8558E21A-9346-4C58-8D0A-4F5D1B45B86A}.Debug|Any CPU.Build.0 = Debug|Any CPU
		{8558E21A-9346-4C58-8D0A-4F5D1B45B86A}.Debug|x64.ActiveCfg = Debug|Any CPU
		{8558E21A-9346-4C58-8D0A-4F5D1B45B86A}.Debug|x64.Build.0 = Debug|Any CPU
		{8558E21A-9346-4C58-8D0A-4F5D1B45B86A}.Debug|x86.ActiveCfg = Debug|Any CPU
		{8558E21A-9346-4C58-8D0A-4F5D1B45B86A}.Debug|x86.Build.0 = Debug|Any CPU
		{8558E21A-9346-4C58-8D0A-4F5D1B45B86A}.Release|Any CPU.ActiveCfg = Release|Any CPU
		{8558E21A-9346-4C58-8D0A-4F5D1B45B86A}.Release|Any CPU.Build.0 = Release|Any CPU
		{8558E21A-9346-4C58-8D0A-4F5D1B45B86A}.Release|x64.ActiveCfg = Release|Any CPU
		{8558E21A-9346-4C58-8D0A-4F5D1B45B86A}.Release|x64.Build.0 = Release|Any CPU
		{8558E21A-9346-4C58-8D0A-4F5D1B45B86A}.Release|x86.ActiveCfg = Release|Any CPU
		{8558E21A-9346-4C58-8D0A-4F5D1B45B86A}.Release|x86.Build.0 = Release|Any CPU
		{F5E81D52-D8CE-49BC-AC18-C4444CB13667}.Debug|Any CPU.ActiveCfg = Debug|Any CPU
		{F5E81D52-D8CE-49BC-AC18-C4444CB13667}.Debug|Any CPU.Build.0 = Debug|Any CPU
		{F5E81D52-D8CE-49BC-AC18-C4444CB13667}.Debug|x64.ActiveCfg = Debug|Any CPU
		{F5E81D52-D8CE-49BC-AC18-C4444CB13667}.Debug|x64.Build.0 = Debug|Any CPU
		{F5E81D52-D8CE-49BC-AC18-C4444CB13667}.Debug|x86.ActiveCfg = Debug|Any CPU
		{F5E81D52-D8CE-49BC-AC18-C4444CB13667}.Debug|x86.Build.0 = Debug|Any CPU
		{F5E81D52-D8CE-49BC-AC18-C4444CB13667}.Release|Any CPU.ActiveCfg = Release|Any CPU
		{F5E81D52-D8CE-49BC-AC18-C4444CB13667}.Release|Any CPU.Build.0 = Release|Any CPU
		{F5E81D52-D8CE-49BC-AC18-C4444CB13667}.Release|x64.ActiveCfg = Release|Any CPU
		{F5E81D52-D8CE-49BC-AC18-C4444CB13667}.Release|x64.Build.0 = Release|Any CPU
		{F5E81D52-D8CE-49BC-AC18-C4444CB13667}.Release|x86.ActiveCfg = Release|Any CPU
		{F5E81D52-D8CE-49BC-AC18-C4444CB13667}.Release|x86.Build.0 = Release|Any CPU
		{F8D86C55-A534-45F4-97CE-23A406093247}.Debug|Any CPU.ActiveCfg = Debug|Any CPU
		{F8D86C55-A534-45F4-97CE-23A406093247}.Debug|Any CPU.Build.0 = Debug|Any CPU
		{F8D86C55-A534-45F4-97CE-23A406093247}.Debug|x64.ActiveCfg = Debug|Any CPU
		{F8D86C55-A534-45F4-97CE-23A406093247}.Debug|x64.Build.0 = Debug|Any CPU
		{F8D86C55-A534-45F4-97CE-23A406093247}.Debug|x86.ActiveCfg = Debug|Any CPU
		{F8D86C55-A534-45F4-97CE-23A406093247}.Debug|x86.Build.0 = Debug|Any CPU
		{F8D86C55-A534-45F4-97CE-23A406093247}.Release|Any CPU.ActiveCfg = Release|Any CPU
		{F8D86C55-A534-45F4-97CE-23A406093247}.Release|Any CPU.Build.0 = Release|Any CPU
		{F8D86C55-A534-45F4-97CE-23A406093247}.Release|x64.ActiveCfg = Release|Any CPU
		{F8D86C55-A534-45F4-97CE-23A406093247}.Release|x64.Build.0 = Release|Any CPU
		{F8D86C55-A534-45F4-97CE-23A406093247}.Release|x86.ActiveCfg = Release|Any CPU
		{F8D86C55-A534-45F4-97CE-23A406093247}.Release|x86.Build.0 = Release|Any CPU
		{6C21B28C-CB8F-4E4F-80F3-E1F9D8C049D7}.Debug|Any CPU.ActiveCfg = Debug|Any CPU
		{6C21B28C-CB8F-4E4F-80F3-E1F9D8C049D7}.Debug|Any CPU.Build.0 = Debug|Any CPU
		{6C21B28C-CB8F-4E4F-80F3-E1F9D8C049D7}.Debug|x64.ActiveCfg = Debug|Any CPU
		{6C21B28C-CB8F-4E4F-80F3-E1F9D8C049D7}.Debug|x64.Build.0 = Debug|Any CPU
		{6C21B28C-CB8F-4E4F-80F3-E1F9D8C049D7}.Debug|x86.ActiveCfg = Debug|Any CPU
		{6C21B28C-CB8F-4E4F-80F3-E1F9D8C049D7}.Debug|x86.Build.0 = Debug|Any CPU
		{6C21B28C-CB8F-4E4F-80F3-E1F9D8C049D7}.Release|Any CPU.ActiveCfg = Release|Any CPU
		{6C21B28C-CB8F-4E4F-80F3-E1F9D8C049D7}.Release|Any CPU.Build.0 = Release|Any CPU
		{6C21B28C-CB8F-4E4F-80F3-E1F9D8C049D7}.Release|x64.ActiveCfg = Release|Any CPU
		{6C21B28C-CB8F-4E4F-80F3-E1F9D8C049D7}.Release|x64.Build.0 = Release|Any CPU
		{6C21B28C-CB8F-4E4F-80F3-E1F9D8C049D7}.Release|x86.ActiveCfg = Release|Any CPU
		{6C21B28C-CB8F-4E4F-80F3-E1F9D8C049D7}.Release|x86.Build.0 = Release|Any CPU
		{18FCF406-206C-47B9-8A1A-B4A314E3E556}.Debug|Any CPU.ActiveCfg = Debug|Any CPU
		{18FCF406-206C-47B9-8A1A-B4A314E3E556}.Debug|Any CPU.Build.0 = Debug|Any CPU
		{18FCF406-206C-47B9-8A1A-B4A314E3E556}.Debug|x64.ActiveCfg = Debug|Any CPU
		{18FCF406-206C-47B9-8A1A-B4A314E3E556}.Debug|x64.Build.0 = Debug|Any CPU
		{18FCF406-206C-47B9-8A1A-B4A314E3E556}.Debug|x86.ActiveCfg = Debug|Any CPU
		{18FCF406-206C-47B9-8A1A-B4A314E3E556}.Debug|x86.Build.0 = Debug|Any CPU
		{18FCF406-206C-47B9-8A1A-B4A314E3E556}.Release|Any CPU.ActiveCfg = Release|Any CPU
		{18FCF406-206C-47B9-8A1A-B4A314E3E556}.Release|Any CPU.Build.0 = Release|Any CPU
		{18FCF406-206C-47B9-8A1A-B4A314E3E556}.Release|x64.ActiveCfg = Release|Any CPU
		{18FCF406-206C-47B9-8A1A-B4A314E3E556}.Release|x64.Build.0 = Release|Any CPU
		{18FCF406-206C-47B9-8A1A-B4A314E3E556}.Release|x86.ActiveCfg = Release|Any CPU
		{18FCF406-206C-47B9-8A1A-B4A314E3E556}.Release|x86.Build.0 = Release|Any CPU
	EndGlobalSection
	GlobalSection(SolutionProperties) = preSolution
		HideSolutionNode = FALSE
	EndGlobalSection
	GlobalSection(ExtensibilityGlobals) = postSolution
		SolutionGuid = {0FE4B24F-26DC-41ED-AAD7-DE5D95E3FC8F}
	EndGlobalSection
EndGlobal
