
Microsoft Visual Studio Solution File, Format Version 12.00
# Visual Studio Version 17
VisualStudioVersion = 17.14.36518.9 d17.14
MinimumVisualStudioVersion = 10.0.40219.1
Project("{FAE04EC0-301F-11D3-BF4B-00C04F79EFBC}") = "AnalisarEAprovarProposta", "AnalisarEAprovarProposta\AnalisarEAprovarProposta.csproj", "{1FECCDC7-00C8-4922-A05A-039F78DB1BED}"
EndProject
Global
	GlobalSection(SolutionConfigurationPlatforms) = preSolution
		Debug|Any CPU = Debug|Any CPU
		Release|Any CPU = Release|Any CPU
	EndGlobalSection
	GlobalSection(ProjectConfigurationPlatforms) = postSolution
		{1FECCDC7-00C8-4922-A05A-039F78DB1BED}.Debug|Any CPU.ActiveCfg = Debug|Any CPU
		{1FECCDC7-00C8-4922-A05A-039F78DB1BED}.Debug|Any CPU.Build.0 = Debug|Any CPU
		{1FECCDC7-00C8-4922-A05A-039F78DB1BED}.Release|Any CPU.ActiveCfg = Release|Any CPU
		{1FECCDC7-00C8-4922-A05A-039F78DB1BED}.Release|Any CPU.Build.0 = Release|Any CPU
	EndGlobalSection
	GlobalSection(SolutionProperties) = preSolution
		HideSolutionNode = FALSE
	EndGlobalSection
	GlobalSection(ExtensibilityGlobals) = postSolution
		SolutionGuid = {EA8918BC-F644-4418-BBC0-3281DA63510E}
	EndGlobalSection
EndGlobal
